github.com/Azure/go-ansiterm v0.0.0-20160622173216-fa152c58bc15 h1:VtP6TygBMvrR+SMMPHj3z3jvnj4vcafMRLIw4at7xww=
github.com/Azure/go-ansiterm v0.0.0-20160622173216-fa152c58bc15/go.mod h1:LmzpDX56iTiv29bbRTIsUNlaFfuhWRQBWjQdVyAevI8=
github.com/CenturyLinkLabs/testmux v0.0.0-20150325181010-f51b74e806d8 h1:xh+PKGti83hAe+l86hhJUfZW9IRoPiFCupltCuV8tks=
github.com/CenturyLinkLabs/testmux v0.0.0-20150325181010-f51b74e806d8/go.mod h1:IkIqT8XoJAGPW7/PBAN005ruP8go8zg0akI8tIY4eEE=
github.com/Microsoft/go-winio v0.4.0 h1:ifHAqU55G7x7y9pb/MK30lMgsNA/w5udEIjdqUGIZZk=
github.com/Microsoft/go-winio v0.4.0/go.mod h1:VhR8bwka0BXejwEJY73c50VrPtXAaKcyvVC4A4RozmA=
github.com/Sirupsen/logrus v0.11.5 h1:aIMrrsnipdTlAieMe7FC/iiuJ0+ELiXCT4YiVQiK9j8=
github.com/Sirupsen/logrus v0.11.5/go.mod h1:rmk17hk6i8ZSAJkSDa7nOxamrG+SP4P0mm+DAvExv4U=
github.com/davecgh/go-spew v0.0.0-20151105211317-5215b55f46b2 h1:5zdDAMuB3gvbHB1m2BZT9+t9w+xaBmK3ehb7skDXcwM=
github.com/davecgh/go-spew v0.0.0-20151105211317-5215b55f46b2/go.mod h1:J7Y8YcW2NihsgmVo/mv3lAwl/skON4iLHjSsI+c5H38=
github.com/docker/docker v1.13.1 h1:IkZjBSIc8hBjLpqeAbeE5mca5mNgeatLHBy3GO78BWo=
github.com/docker/docker v1.13.1/go.mod h1:eEKB0N0r5NX/I1kEveEz05bcu8tLC/8azJZsviup8Sk=
github.com/docker/engine-api v0.3.2-0.20160701024623-a4740cdb2d79 h1:XDpBV91xu2B61/xy28Sa8F7w0uNhLq/wADctydjfGi0=
github.com/docker/engine-api v0.3.2-0.20160701024623-a4740cdb2d79/go.mod h1:xtQCpzf4YysNZCVFfIGIm7qfLvYbxtLkEVVfKhTVOvw=
github.com/docker/go-connections v0.2.2-0.20170331145122-e15c02316c12 h1:cR65MkKy9PuVCk7ZwtFqz/jHC2ZgmN5JBdAmDKw3mr4=
github.com/docker/go-connections v0.2.2-0.20170331145122-e15c02316c12/go.mod h1:Gbd7IOopHjR8Iph03tsViu4nIes5XhDvyHbTtUxmeec=
github.com/docker/go-units v0.3.1 h1:QAFdsA6jLCnglbqE6mUsHuPcJlntY94DkxHf4deHKIU=
github.com/docker/go-units v0.3.1/go.mod h1:fgPhTUdO+D/Jk86RDLlptpiXQzgHJF7gydDDbaIK4Dk=
github.com/fsouza/go-dockerclient v0.0.0-20170514020824-d138f4440a81 h1:XbEyZbMF3sl6zZgQ99oSGjbaN1F3dj2VpXWy986NYaw=
github.com/fsouza/go-dockerclient v0.0.0-20170514020824-d138f4440a81/go.mod h1:KpcjM623fQYE9MZiTGzKhjfxXAV9wbyX2C1cyRHfhl0=
github.com/fzzy/radix v0.5.7-0.20150714165933-3528e87a910c h1:lpA/Wp/nJruJPF4GdKNKtQwgmdgWL72rje+fysz0y/s=
github.com/fzzy/radix v0.5.7-0.20150714165933-3528e87a910c/go.mod h1:KhtJfdbo4PD2LEOYO7QCVSIH0pOcZEZ/SpNsXgwQtkk=
github.com/gorilla/context v0.0.0-20141217160251-215affda49ad h1:wJwKN6X6iRRVnjdBgrkWjhBOvYm7yw5boqXwFUnBtbE=
github.com/gorilla/context v0.0.0-20141217160251-215affda49ad/go.mod h1:kBGZzfjB9CEq2AlWe17Uuf7NDRt0dE0s8S51q0aT7Yg=
github.com/gorilla/mux v0.0.0-20140926153814-e444e69cbd2e h1:nH09qCdJVZxw0nRVfm14xjXkw2puLyLPN56n4u+vTC0=
github.com/gorilla/mux v0.0.0-20140926153814-e444e69cbd2e/go.mod h1:1lud6UwP+6orDFRuTfBEV8e9/aOM/c4fVVCaMa2zaAs=
github.com/hashicorp/go-cleanhttp v0.0.0-20160407174126-ad28ea4487f0 h1:2l0haPDqCzZEO160UR5DSrrl8RWptFCoxFsSbRLJBaI=
github.com/hashicorp/go-cleanhttp v0.0.0-20160407174126-ad28ea4487f0/go.mod h1:JpRdi6/HCYpAwUzNwuwqhbovhLtngrth3wmdIIUrZ80=
github.com/kelseyhightower/envconfig v1.1.1-0.20160429164205-91921eb4cf99 h1:lmWdHRFDjIT1r1pMV0MnELr5qgJFZ/CRL52ZKKUl2CE=
github.com/kelseyhightower/envconfig v1.1.1-0.20160429164205-91921eb4cf99/go.mod h1:cccZRl6mQpaq41TPp5QxidR+Sa3axMbJDNb//FQX6Gg=
github.com/opencontainers/runc v1.0.0-rc1.0.20160624191023-629e35666d31 h1:PagaMMUuEgNbg0Y618FoMWBb65ZjeWJ3fkPUHTTb4Zs=
github.com/opencontainers/runc v1.0.0-rc1.0.20160624191023-629e35666d31/go.mod h1:qT5XzbpPznkRYVz/mWwUaVBUv2rmF59PVA73FjuZG0U=
github.com/pmezard/go-difflib v1.0.0 h1:4DBwDE0NGyQoBHbLQYPwSUPoCMWR5BEzIk/f1lZbAQM=
github.com/pmezard/go-difflib v1.0.0/go.mod h1:iKH77koFhYxTK1pcRnkKkqfTogsbg7gZNVY4sRDYZ/4=
github.com/stretchr/objx v0.0.0-20140526180921-cbeaeb16a013 h1:lg5xphrNMF4T2GfLhtXOhFrTn5ZmPRUOWXvCLOattFY=
github.com/stretchr/objx v0.0.0-20140526180921-cbeaeb16a013/go.mod h1:HFkY916IF+rwdDfMAkV7OtwuqBVzrE8GR6GFx+wExME=
github.com/stretchr/testify v1.1.4-0.20160615092844-d77da356e56a h1:UWu0XgfW9PCuyeZYNe2eGGkDZjooQKjVQqY/+d/jYmc=
github.com/stretchr/testify v1.1.4-0.20160615092844-d77da356e56a/go.mod h1:a8OnRcib4nhh0OaRAV+Yts87kKdq0PP7pXfy6kDkUVs=
golang.org/x/net v0.0.0-20160630220910-b400c2eff1ba h1:uDRLy7XWpErbelDDzBrVF4l3MkgIwXtu5nl44tiWpE0=
golang.org/x/net v0.0.0-20160630220910-b400c2eff1ba/go.mod h1:mL1N/T3taQHkDXs73rZJwtUhF3w3ftmwwsq0BUmARs4=
golang.org/x/sys v0.0.0-20160615012701-62bee0375999 h1:mMwksw9evYb/M6VJQLeswaoE9yJ4X/Rg8YPFwo8nDfk=
golang.org/x/sys v0.0.0-20160615012701-62bee0375999/go.mod h1:STP8DvDyc/dI5b8T5hshtkjS+E42TnysNCUPdjciGhY=
